{
  "name": "@mml-htmx-demo/mml-server",
  "version": "0.1.0",
  "lockfileVersion": 3,
  "requires": true,
  "packages": {
    "": {
      "name": "@mml-htmx-demo/mml-server",
      "version": "0.1.0",
      "hasInstallScript": true,
      "license": "MIT",
      "dependencies": {
        "@mml-io/observable-dom": "*",
        "networked-dom-server": "^0.14.0",
        "ws": "^8.17.0"
      }
    },
    "../vendor/mml/packages/mml-react-types": {
      "name": "@mml-io/mml-react-types",
      "version": "0.14.0",
      "extraneous": true,
      "devDependencies": {
        "@mml-io/mml-schema": "^0.14.0"
      },
      "peerDependencies": {
        "@types/react": "*",
        "react": "*"
      }
    },
    "../vendor/mml/packages/mml-web": {
      "version": "0.14.0",
      "extraneous": true,
      "dependencies": {
        "@mml-io/model-loader": "^0.14.0",
        "@mml-io/networked-dom-web": "^0.14.0"
      },
      "devDependencies": {
        "@types/three": "0.163.0",
        "jest-canvas-mock": "2.5.2",
        "jest-environment-jsdom": "29.7.0",
        "jest-expect-message": "1.1.3",
        "jest-fetch-mock": "3.0.3",
        "resize-observer-polyfill": "1.5.1",
        "three": "0.163.0"
      },
      "peerDependencies": {
        "three": "*"
      }
    },
    "../vendor/mml/packages/mml-web-client": {
      "version": "0.14.0",
      "extraneous": true,
      "dependencies": {
        "mml-web": "^0.14.0",
        "three": "0.163.0"
      },
      "devDependencies": {
        "@types/three": "0.163.0"
      }
    },
    "../vendor/mml/packages/mml-web-runner": {
      "version": "0.14.0",
      "extraneous": true,
      "dependencies": {
        "@mml-io/networked-dom-web-runner": "^0.14.0"
      },
      "devDependencies": {
        "jest-canvas-mock": "2.5.2",
        "jest-environment-jsdom": "29.7.0",
        "jest-expect-message": "1.1.3",
        "jest-fetch-mock": "3.0.3",
        "resize-observer-polyfill": "1.5.1"
      }
    },
    "../vendor/mml/packages/model-loader": {
      "name": "@mml-io/model-loader",
      "version": "0.14.0",
      "extraneous": true,
      "dependencies": {
        "three": "^0.163.0"
      },
      "devDependencies": {
        "node-fetch": "3.3.2"
      }
    },
    "../vendor/mml/packages/networked-dom-document": {
      "name": "@mml-io/networked-dom-document",
      "version": "0.14.0",
      "extraneous": true,
      "dependencies": {
        "@mml-io/networked-dom-protocol": "^0.14.0",
        "@mml-io/observable-dom-common": "^0.14.0",
        "rfc6902": "5.1.1"
      }
    },
    "../vendor/mml/packages/networked-dom-protocol": {
      "name": "@mml-io/networked-dom-protocol",
      "version": "0.14.0",
      "extraneous": true
    },
    "../vendor/mml/packages/networked-dom-server": {
      "version": "0.14.0",
      "extraneous": true,
      "dependencies": {
        "@mml-io/networked-dom-document": "^0.14.0",
        "@mml-io/observable-dom": "^0.14.0",
        "@mml-io/observable-dom-common": "^0.14.0"
      }
    },
    "../vendor/mml/packages/networked-dom-web": {
      "name": "@mml-io/networked-dom-web",
      "version": "0.14.0",
      "extraneous": true,
      "dependencies": {
        "@mml-io/networked-dom-protocol": "^0.14.0"
      },
      "devDependencies": {
        "jest-canvas-mock": "2.5.2",
        "jest-environment-jsdom": "29.7.0",
        "jest-expect-message": "1.1.3"
      }
    },
    "../vendor/mml/packages/networked-dom-web-client": {
      "name": "@mml-io/networked-dom-web-client",
      "version": "0.14.0",
      "extraneous": true,
      "dependencies": {
        "@mml-io/networked-dom-web": "^0.14.0"
      }
    },
    "../vendor/mml/packages/networked-dom-web-runner": {
      "name": "@mml-io/networked-dom-web-runner",
      "version": "0.14.0",
      "extraneous": true,
      "dependencies": {
        "@mml-io/networked-dom-web": "^0.14.0",
        "@mml-io/observable-dom-common": "^0.14.0"
      },
      "devDependencies": {
        "@mml-io/networked-dom-web-runner-iframe": "file:../networked-dom-web-runner-iframe",
        "jest-canvas-mock": "2.5.2",
        "jest-environment-jsdom": "29.7.0",
        "jest-expect-message": "1.1.3"
      }
    },
    "../vendor/mml/packages/networked-dom-web-runner-broadcast": {
      "name": "@mml-io/networked-dom-web-runner-broadcast",
      "version": "0.14.0",
      "extraneous": true,
      "dependencies": {
        "@mml-io/networked-dom-web-runner": "^0.14.0",
        "@mml-io/observable-dom-common": "^0.14.0"
      },
      "devDependencies": {
        "jest-environment-jsdom": "29.7.0",
        "jest-expect-message": "1.1.3"
      }
    },
    "../vendor/mml/packages/networked-dom-web-runner-relay": {
      "name": "@mml-io/networked-dom-web-runner-relay",
      "version": "0.14.0",
      "extraneous": true,
      "dependencies": {
        "@mml-io/networked-dom-web-runner": "^0.14.0",
        "@mml-io/observable-dom-common": "^0.14.0"
      },
      "devDependencies": {
        "jest-environment-jsdom": "29.7.0",
        "jest-expect-message": "1.1.3"
      }
    },
    "../vendor/mml/packages/observable-dom": {
      "name": "@mml-io/observable-dom",
      "version": "0.14.0",
      "dependencies": {
        "@mml-io/observable-dom-common": "^0.14.0",
        "jsdom": "deej-io/jsdom",
        "node-fetch": "3.3.2"
      },
      "devDependencies": {
        "@types/jsdom": "^21.1.6",
        "@types/node-fetch": "2.6.11"
      }
    },
    "../vendor/mml/packages/observable-dom-common": {
      "name": "@mml-io/observable-dom-common",
      "version": "0.14.0",
      "extraneous": true,
      "dependencies": {
        "@mml-io/networked-dom-protocol": "^0.14.0"
      }
    },
    "../vendor/mml/packages/schema": {
      "name": "@mml-io/mml-schema",
      "version": "0.14.0",
      "extraneous": true,
      "dependencies": {
        "typedoc": "0.24.8"
      },
      "devDependencies": {
        "@types/libxmljs": "^0.18.12",
        "xml-js": "1.6.11"
      }
    },
    "../vendor/mml/packages/schema-validator": {
      "name": "@mml-io/mml-schema-validator",
      "version": "0.14.0",
      "extraneous": true,
      "dependencies": {
        "@mml-io/mml-schema": "^0.14.0",
        "xsd-validator": "1.1.1"
      }
    },
    "node_modules/@mml-io/networked-dom-document": {
      "version": "0.14.0",
      "resolved": "https://registry.npmjs.org/@mml-io/networked-dom-document/-/networked-dom-document-0.14.0.tgz",
      "integrity": "sha512-fYkyqDencM9c8kX9mo8dIHEnxryoSUqVJKKWJI8LMb4fIXCYAU98tp+E9ZGWfaFtRma3Db8cYbErJ9c8BJNt7Q==",
      "dependencies": {
        "@mml-io/networked-dom-protocol": "^0.14.0",
        "@mml-io/observable-dom-common": "^0.14.0",
        "rfc6902": "5.1.1"
      }
    },
    "node_modules/@mml-io/networked-dom-protocol": {
      "version": "0.14.0",
      "resolved": "https://registry.npmjs.org/@mml-io/networked-dom-protocol/-/networked-dom-protocol-0.14.0.tgz",
      "integrity": "sha512-oHO/86OIW3Q0Ax4wPIChcpgG9KsLFJU3X1yi6ecsfNL+Wz7N4tPejvPgWdh8dveIUQCqcEv9A6yc6UC4Po5mjg=="
    },
    "node_modules/@mml-io/observable-dom": {
      "resolved": "../vendor/mml/packages/observable-dom",
      "link": true
    },
    "node_modules/@mml-io/observable-dom-common": {
      "version": "0.14.0",
      "resolved": "https://registry.npmjs.org/@mml-io/observable-dom-common/-/observable-dom-common-0.14.0.tgz",
      "integrity": "sha512-etFtch7qU8cSW9+i5rTDC8SNfFHy4pSHsEecZgmpnyHjXDRGsT6WCXYVKMRI6WSqTpUS3l9IMensGp27vzBH4A==",
      "dependencies": {
        "@mml-io/networked-dom-protocol": "^0.14.0"
      }
    },
    "node_modules/networked-dom-server": {
      "version": "0.14.0",
      "resolved": "https://registry.npmjs.org/networked-dom-server/-/networked-dom-server-0.14.0.tgz",
      "integrity": "sha512-3bEiRaV/VtX+EwDocSMW7iytnTxSY92svPkZYSNcdFlj8/0JeeJr4eyiEymCf6AgXshq+nv0u2xTNJdi7mUKHw==",
      "dependencies": {
        "@mml-io/networked-dom-document": "^0.14.0",
        "@mml-io/observable-dom": "^0.14.0",
        "@mml-io/observable-dom-common": "^0.14.0"
      }
    },
    "node_modules/rfc6902": {
      "version": "5.1.1",
      "resolved": "https://registry.npmjs.org/rfc6902/-/rfc6902-5.1.1.tgz",
      "integrity": "sha512-8rKImbe8GTXJ7cl9v+sF3U0WQ9aaSBn4fEcGP1VJakWN335ufj75ctvWXEhrzecGRxXpY6pEFbcdWzesjV7bFg==",
      "license": "MIT"
    },
    "node_modules/ws": {
      "version": "8.17.0",
      "license": "MIT",
      "engines": {
        "node": ">=10.0.0"
      },
      "peerDependencies": {
        "bufferutil": "^4.0.1",
        "utf-8-validate": ">=5.0.2"
      },
      "peerDependenciesMeta": {
        "bufferutil": {
          "optional": true
        },
        "utf-8-validate": {
          "optional": true
        }
      }
    }
  }
}
