github.com/a-h/templ v0.2.697 h1:OILxtWvD0NRJaoCOiZCopRDPW8paroKlGsrAiHLykNE=
github.com/a-h/templ v0.2.697/go.mod h1:5cqsugkq9IerRNucNsI4DEamdHPsoGMQy99DzydLhM8=
github.com/fatih/structs v1.1.0 h1:Q7juDM0QtcnhCpeyLGQKyg4TOIghuNXrkL32pHAUMxo=
github.com/fatih/structs v1.1.0/go.mod h1:9NiDSp5zOcgEDl+j00MP/WkGVPOlPRLejGD8Ga6PJ7M=
github.com/google/go-cmp v0.6.0 h1:ofyhxvXcZhMsU5ulbFiLKl/XBFqE1GSq7atu8tAmTRI=
github.com/google/go-cmp v0.6.0/go.mod h1:17dUlkBOakJ0+DkrSSNjCkIjxS6bF9zb3elmeNGIjoY=
github.com/hansrodtang/randomcolor v0.0.0-20160512071917-d27108b3d7a5 h1:9WT/rQ2tZI0TBZhBsA/dYU1bdI2QKaUzQ3X6YDwaLUY=
github.com/hansrodtang/randomcolor v0.0.0-20160512071917-d27108b3d7a5/go.mod h1:XvzgNvkcPBKMxeywFlPioejZ5ulXi/GMLZDoBw915FA=
